
Microsoft Visual Studio Solution File, Format Version 12.00
# Visual Studio Version 17
VisualStudioVersion = 17.0.31903.59
MinimumVisualStudioVersion = 10.0.40219.1
Project("{FAE04EC0-301F-11D3-BF4B-00C04F79EFBC}") = "Viritura.Api", "Viritura.Api\Viritura.Api.csproj", "{319503BE-691C-4430-B0F5-F43347494EB4}"
EndProject
Project("{FAE04EC0-301F-11D3-BF4B-00C04F79EFBC}") = "Viritura.GitHub", "Viritura.GitHub\Viritura.GitHub.csproj", "{3D168115-E000-456B-93F1-7BEF676E3B4D}"
EndProject
Project("{FAE04EC0-301F-11D3-BF4B-00C04F79EFBC}") = "Viritura.Api.Tests", "Viritura.Api.Tests\Viritura.Api.Tests.csproj", "{FBE80ED5-062F-490D-B2B2-5EAFAEC23068}"
EndProject
Project("{FAE04EC0-301F-11D3-BF4B-00C04F79EFBC}") = "Viritura.GitHub.Tests", "Viritura.GitHub.Tests\Viritura.GitHub.Tests.csproj", "{EC17CFE7-B71E-408F-983F-124D75E59FE7}"
EndProject
Project("{FAE04EC0-301F-11D3-BF4B-00C04F79EFBC}") = "Viritura.Infrastructure", "Viritura.Infrastructure\Viritura.Infrastructure.csproj", "{BF1BE361-39C1-48B0-92CA-4DFEA5CB1957}"
EndProject
Global
	GlobalSection(SolutionConfigurationPlatforms) = preSolution
		Debug|Any CPU = Debug|Any CPU
		Debug|x64 = Debug|x64
		Debug|x86 = Debug|x86
		Release|Any CPU = Release|Any CPU
		Release|x64 = Release|x64
		Release|x86 = Release|x86
	EndGlobalSection
	GlobalSection(ProjectConfigurationPlatforms) = postSolution
		{319503BE-691C-4430-B0F5-F43347494EB4}.Debug|Any CPU.ActiveCfg = Debug|Any CPU
		{319503BE-691C-4430-B0F5-F43347494EB4}.Debug|Any CPU.Build.0 = Debug|Any CPU
		{319503BE-691C-4430-B0F5-F43347494EB4}.Debug|x64.ActiveCfg = Debug|Any CPU
		{319503BE-691C-4430-B0F5-F43347494EB4}.Debug|x64.Build.0 = Debug|Any CPU
		{319503BE-691C-4430-B0F5-F43347494EB4}.Debug|x86.ActiveCfg = Debug|Any CPU
		{319503BE-691C-4430-B0F5-F43347494EB4}.Debug|x86.Build.0 = Debug|Any CPU
		{319503BE-691C-4430-B0F5-F43347494EB4}.Release|Any CPU.ActiveCfg = Release|Any CPU
		{319503BE-691C-4430-B0F5-F43347494EB4}.Release|Any CPU.Build.0 = Release|Any CPU
		{319503BE-691C-4430-B0F5-F43347494EB4}.Release|x64.ActiveCfg = Release|Any CPU
		{319503BE-691C-4430-B0F5-F43347494EB4}.Release|x64.Build.0 = Release|Any CPU
		{319503BE-691C-4430-B0F5-F43347494EB4}.Release|x86.ActiveCfg = Release|Any CPU
		{319503BE-691C-4430-B0F5-F43347494EB4}.Release|x86.Build.0 = Release|Any CPU
		{3D168115-E000-456B-93F1-7BEF676E3B4D}.Debug|Any CPU.ActiveCfg = Debug|Any CPU
		{3D168115-E000-456B-93F1-7BEF676E3B4D}.Debug|Any CPU.Build.0 = Debug|Any CPU
		{3D168115-E000-456B-93F1-7BEF676E3B4D}.Debug|x64.ActiveCfg = Debug|Any CPU
		{3D168115-E000-456B-93F1-7BEF676E3B4D}.Debug|x64.Build.0 = Debug|Any CPU
		{3D168115-E000-456B-93F1-7BEF676E3B4D}.Debug|x86.ActiveCfg = Debug|Any CPU
		{3D168115-E000-456B-93F1-7BEF676E3B4D}.Debug|x86.Build.0 = Debug|Any CPU
		{3D168115-E000-456B-93F1-7BEF676E3B4D}.Release|Any CPU.ActiveCfg = Release|Any CPU
		{3D168115-E000-456B-93F1-7BEF676E3B4D}.Release|Any CPU.Build.0 = Release|Any CPU
		{3D168115-E000-456B-93F1-7BEF676E3B4D}.Release|x64.ActiveCfg = Release|Any CPU
		{3D168115-E000-456B-93F1-7BEF676E3B4D}.Release|x64.Build.0 = Release|Any CPU
		{3D168115-E000-456B-93F1-7BEF676E3B4D}.Release|x86.ActiveCfg = Release|Any CPU
		{3D168115-E000-456B-93F1-7BEF676E3B4D}.Release|x86.Build.0 = Release|Any CPU
		{FBE80ED5-062F-490D-B2B2-5EAFAEC23068}.Debug|Any CPU.ActiveCfg = Debug|Any CPU
		{FBE80ED5-062F-490D-B2B2-5EAFAEC23068}.Debug|Any CPU.Build.0 = Debug|Any CPU
		{FBE80ED5-062F-490D-B2B2-5EAFAEC23068}.Debug|x64.ActiveCfg = Debug|Any CPU
		{FBE80ED5-062F-490D-B2B2-5EAFAEC23068}.Debug|x64.Build.0 = Debug|Any CPU
		{FBE80ED5-062F-490D-B2B2-5EAFAEC23068}.Debug|x86.ActiveCfg = Debug|Any CPU
		{FBE80ED5-062F-490D-B2B2-5EAFAEC23068}.Debug|x86.Build.0 = Debug|Any CPU
		{FBE80ED5-062F-490D-B2B2-5EAFAEC23068}.Release|Any CPU.ActiveCfg = Release|Any CPU
		{FBE80ED5-062F-490D-B2B2-5EAFAEC23068}.Release|Any CPU.Build.0 = Release|Any CPU
		{FBE80ED5-062F-490D-B2B2-5EAFAEC23068}.Release|x64.ActiveCfg = Release|Any CPU
		{FBE80ED5-062F-490D-B2B2-5EAFAEC23068}.Release|x64.Build.0 = Release|Any CPU
		{FBE80ED5-062F-490D-B2B2-5EAFAEC23068}.Release|x86.ActiveCfg = Release|Any CPU
		{FBE80ED5-062F-490D-B2B2-5EAFAEC23068}.Release|x86.Build.0 = Release|Any CPU
		{EC17CFE7-B71E-408F-983F-124D75E59FE7}.Debug|Any CPU.ActiveCfg = Debug|Any CPU
		{EC17CFE7-B71E-408F-983F-124D75E59FE7}.Debug|Any CPU.Build.0 = Debug|Any CPU
		{EC17CFE7-B71E-408F-983F-124D75E59FE7}.Debug|x64.ActiveCfg = Debug|Any CPU
		{EC17CFE7-B71E-408F-983F-124D75E59FE7}.Debug|x64.Build.0 = Debug|Any CPU
		{EC17CFE7-B71E-408F-983F-124D75E59FE7}.Debug|x86.ActiveCfg = Debug|Any CPU
		{EC17CFE7-B71E-408F-983F-124D75E59FE7}.Debug|x86.Build.0 = Debug|Any CPU
		{EC17CFE7-B71E-408F-983F-124D75E59FE7}.Release|Any CPU.ActiveCfg = Release|Any CPU
		{EC17CFE7-B71E-408F-983F-124D75E59FE7}.Release|Any CPU.Build.0 = Release|Any CPU
		{EC17CFE7-B71E-408F-983F-124D75E59FE7}.Release|x64.ActiveCfg = Release|Any CPU
		{EC17CFE7-B71E-408F-983F-124D75E59FE7}.Release|x64.Build.0 = Release|Any CPU
		{EC17CFE7-B71E-408F-983F-124D75E59FE7}.Release|x86.ActiveCfg = Release|Any CPU
		{EC17CFE7-B71E-408F-983F-124D75E59FE7}.Release|x86.Build.0 = Release|Any CPU
		{BF1BE361-39C1-48B0-92CA-4DFEA5CB1957}.Debug|Any CPU.ActiveCfg = Debug|Any CPU
		{BF1BE361-39C1-48B0-92CA-4DFEA5CB1957}.Debug|Any CPU.Build.0 = Debug|Any CPU
		{BF1BE361-39C1-48B0-92CA-4DFEA5CB1957}.Debug|x64.ActiveCfg = Debug|Any CPU
		{BF1BE361-39C1-48B0-92CA-4DFEA5CB1957}.Debug|x64.Build.0 = Debug|Any CPU
		{BF1BE361-39C1-48B0-92CA-4DFEA5CB1957}.Debug|x86.ActiveCfg = Debug|Any CPU
		{BF1BE361-39C1-48B0-92CA-4DFEA5CB1957}.Debug|x86.Build.0 = Debug|Any CPU
		{BF1BE361-39C1-48B0-92CA-4DFEA5CB1957}.Release|Any CPU.ActiveCfg = Release|Any CPU
		{BF1BE361-39C1-48B0-92CA-4DFEA5CB1957}.Release|Any CPU.Build.0 = Release|Any CPU
		{BF1BE361-39C1-48B0-92CA-4DFEA5CB1957}.Release|x64.ActiveCfg = Release|Any CPU
		{BF1BE361-39C1-48B0-92CA-4DFEA5CB1957}.Release|x64.Build.0 = Release|Any CPU
		{BF1BE361-39C1-48B0-92CA-4DFEA5CB1957}.Release|x86.ActiveCfg = Release|Any CPU
		{BF1BE361-39C1-48B0-92CA-4DFEA5CB1957}.Release|x86.Build.0 = Release|Any CPU
	EndGlobalSection
	GlobalSection(SolutionProperties) = preSolution
		HideSolutionNode = FALSE
	EndGlobalSection
EndGlobal
